{
  "version": 4,
  "terraform_version": "1.14.8",
  "serial": 2,
  "lineage": "f28f7594-210f-5cff-2f35-495e56cb1ed5",
  "outputs": {},
  "resources": [
    {
      "mode": "managed",
      "type": "azurerm_resource_group",
      "name": "RGNew",
      "provider": "provider[\"registry.terraform.io/hashicorp/azurerm\"]",
      "instances": [
        {
          "schema_version": 0,
          "attributes": {
            "id": "/subscriptions/459af04d-0013-499d-ae5e-4f2ded5defab/resourceGroups/rgnew",
            "location": "westeurope",
            "managed_by": "",
            "name": "rgnew",
            "tags": null,
            "timeouts": null
          },
          "sensitive_attributes": [],
          "identity_schema_version": 0,
          "identity": {
            "name": "rgnew",
            "subscription_id": "459af04d-0013-499d-ae5e-4f2ded5defab"
          },
          "private": "eyJlMmJmYjczMC1lY2FhLTExZTYtOGY4OC0zNDM2M2JjN2M0YzAiOnsiY3JlYXRlIjo1NDAwMDAwMDAwMDAwLCJkZWxldGUiOjU0MDAwMDAwMDAwMDAsInJlYWQiOjMwMDAwMDAwMDAwMCwidXBkYXRlIjo1NDAwMDAwMDAwMDAwfX0="
        }
      ]
    }
  ],
  "check_results": null
}
